// !$*UTF8*$!
{
	archiveVersion = 1;
	classes = {
	};
	objectVersion = 56;
	objects = {

/* Begin PBXBuildFile section */
		0A2FE583291A3B65000C63E3 /* AppDelegate.swift in Sources */ = {isa = PBXBuildFile; fileRef = 0A2FE582291A3B65000C63E3 /* AppDelegate.swift */; };
		0A2FE585291A3B65000C63E3 /* SceneDelegate.swift in Sources */ = {isa = PBXBuildFile; fileRef = 0A2FE584291A3B65000C63E3 /* SceneDelegate.swift */; };
		0A2FE58A291A3B65000C63E3 /* Main.storyboard in Resources */ = {isa = PBXBuildFile; fileRef = 0A2FE588291A3B65000C63E3 /* Main.storyboard */; };
		0A2FE58C291A3B66000C63E3 /* Assets.xcassets in Resources */ = {isa = PBXBuildFile; fileRef = 0A2FE58B291A3B66000C63E3 /* Assets.xcassets */; };
		0A2FE58F291A3B66000C63E3 /* LaunchScreen.storyboard in Resources */ = {isa = PBXBuildFile; fileRef = 0A2FE58D291A3B66000C63E3 /* LaunchScreen.storyboard */; };
		0A2FE598291A3EE7000C63E3 /* RxCocoa in Frameworks */ = {isa = PBXBuildFile; productRef = 0A2FE597291A3EE7000C63E3 /* RxCocoa */; };
		0A2FE59A291A3EE7000C63E3 /* RxSwift in Frameworks */ = {isa = PBXBuildFile; productRef = 0A2FE599291A3EE7000C63E3 /* RxSwift */; };
		0A2FE5A0291A3F44000C63E3 /* SnapKit in Frameworks */ = {isa = PBXBuildFile; productRef = 0A2FE59F291A3F44000C63E3 /* SnapKit */; };
		0A2FE5A3291A3F5E000C63E3 /* Then in Frameworks */ = {isa = PBXBuildFile; productRef = 0A2FE5A2291A3F5E000C63E3 /* Then */; };
		0A2FE5A6291A3F97000C63E3 /* Toast in Frameworks */ = {isa = PBXBuildFile; productRef = 0A2FE5A5291A3F97000C63E3 /* Toast */; };
		0A2FE5BE291AC1DA000C63E3 /* .gitignore in Resources */ = {isa = PBXBuildFile; fileRef = 0A2FE5BD291AC1DA000C63E3 /* .gitignore */; };
		0A2FE5C4291AC6AC000C63E3 /* GoogleService-Info.plist in Resources */ = {isa = PBXBuildFile; fileRef = 0A2FE5C3291AC6AC000C63E3 /* GoogleService-Info.plist */; };
		0A2FE5C7291AC722000C63E3 /* FirebaseAnalyticsWithoutAdIdSupport in Frameworks */ = {isa = PBXBuildFile; productRef = 0A2FE5C6291AC722000C63E3 /* FirebaseAnalyticsWithoutAdIdSupport */; };
		0A2FE5C9291AC722000C63E3 /* FirebaseAuth in Frameworks */ = {isa = PBXBuildFile; productRef = 0A2FE5C8291AC722000C63E3 /* FirebaseAuth */; };
		0A2FE5CC291AC867000C63E3 /* NotoSansKR-Medium.otf in Resources */ = {isa = PBXBuildFile; fileRef = 0A2FE5CA291AC866000C63E3 /* NotoSansKR-Medium.otf */; };
		0A2FE5CD291AC867000C63E3 /* NotoSansKR-Regular.otf in Resources */ = {isa = PBXBuildFile; fileRef = 0A2FE5CB291AC866000C63E3 /* NotoSansKR-Regular.otf */; };
		0A2FE5CF291AC8F9000C63E3 /* ViewController.swift in Sources */ = {isa = PBXBuildFile; fileRef = 0A2FE5CE291AC8F9000C63E3 /* ViewController.swift */; };
		0A2FE5D1291ACA08000C63E3 /* UIFont+Extension.swift in Sources */ = {isa = PBXBuildFile; fileRef = 0A2FE5D0291ACA08000C63E3 /* UIFont+Extension.swift */; };
		0A2FE5D3291ACCE8000C63E3 /* FontName+Extension.swift in Sources */ = {isa = PBXBuildFile; fileRef = 0A2FE5D2291ACCE8000C63E3 /* FontName+Extension.swift */; };
/* End PBXBuildFile section */

/* Begin PBXFileReference section */
		0A2FE57F291A3B65000C63E3 /* SeSACStudy.app */ = {isa = PBXFileReference; explicitFileType = wrapper.application; includeInIndex = 0; path = SeSACStudy.app; sourceTree = BUILT_PRODUCTS_DIR; };
		0A2FE582291A3B65000C63E3 /* AppDelegate.swift */ = {isa = PBXFileReference; lastKnownFileType = sourcecode.swift; path = AppDelegate.swift; sourceTree = "<group>"; };
		0A2FE584291A3B65000C63E3 /* SceneDelegate.swift */ = {isa = PBXFileReference; lastKnownFileType = sourcecode.swift; path = SceneDelegate.swift; sourceTree = "<group>"; };
		0A2FE589291A3B65000C63E3 /* Base */ = {isa = PBXFileReference; lastKnownFileType = file.storyboard; name = Base; path = Base.lproj/Main.storyboard; sourceTree = "<group>"; };
		0A2FE58B291A3B66000C63E3 /* Assets.xcassets */ = {isa = PBXFileReference; lastKnownFileType = folder.assetcatalog; path = Assets.xcassets; sourceTree = "<group>"; };
		0A2FE58E291A3B66000C63E3 /* Base */ = {isa = PBXFileReference; lastKnownFileType = file.storyboard; name = Base; path = Base.lproj/LaunchScreen.storyboard; sourceTree = "<group>"; };
		0A2FE590291A3B66000C63E3 /* Info.plist */ = {isa = PBXFileReference; lastKnownFileType = text.plist.xml; path = Info.plist; sourceTree = "<group>"; };
		0A2FE5BD291AC1DA000C63E3 /* .gitignore */ = {isa = PBXFileReference; lastKnownFileType = text; path = .gitignore; sourceTree = "<group>"; };
		0A2FE5C3291AC6AC000C63E3 /* GoogleService-Info.plist */ = {isa = PBXFileReference; fileEncoding = 4; lastKnownFileType = text.plist.xml; name = "GoogleService-Info.plist"; path = "../../../../../Downloads/fonts/GoogleService-Info.plist"; sourceTree = "<group>"; };
		0A2FE5CA291AC866000C63E3 /* NotoSansKR-Medium.otf */ = {isa = PBXFileReference; lastKnownFileType = file; path = "NotoSansKR-Medium.otf"; sourceTree = "<group>"; };
		0A2FE5CB291AC866000C63E3 /* NotoSansKR-Regular.otf */ = {isa = PBXFileReference; lastKnownFileType = file; path = "NotoSansKR-Regular.otf"; sourceTree = "<group>"; };
		0A2FE5CE291AC8F9000C63E3 /* ViewController.swift */ = {isa = PBXFileReference; lastKnownFileType = sourcecode.swift; path = ViewController.swift; sourceTree = "<group>"; };
		0A2FE5D0291ACA08000C63E3 /* UIFont+Extension.swift */ = {isa = PBXFileReference; lastKnownFileType = sourcecode.swift; path = "UIFont+Extension.swift"; sourceTree = "<group>"; };
		0A2FE5D2291ACCE8000C63E3 /* FontName+Extension.swift */ = {isa = PBXFileReference; lastKnownFileType = sourcecode.swift; path = "FontName+Extension.swift"; sourceTree = "<group>"; };
/* End PBXFileReference section */

/* Begin PBXFrameworksBuildPhase section */
		0A2FE57C291A3B65000C63E3 /* Frameworks */ = {
			isa = PBXFrameworksBuildPhase;
			buildActionMask = 2147483647;
			files = (
				0A2FE5A6291A3F97000C63E3 /* Toast in Frameworks */,
				0A2FE5C7291AC722000C63E3 /* FirebaseAnalyticsWithoutAdIdSupport in Frameworks */,
				0A2FE5A3291A3F5E000C63E3 /* Then in Frameworks */,
				0A2FE59A291A3EE7000C63E3 /* RxSwift in Frameworks */,
				0A2FE5A0291A3F44000C63E3 /* SnapKit in Frameworks */,
				0A2FE5C9291AC722000C63E3 /* FirebaseAuth in Frameworks */,
				0A2FE598291A3EE7000C63E3 /* RxCocoa in Frameworks */,
			);
			runOnlyForDeploymentPostprocessing = 0;
		};
/* End PBXFrameworksBuildPhase section */

/* Begin PBXGroup section */
		0A2FE576291A3B65000C63E3 = {
			isa = PBXGroup;
			children = (
				0A2FE5BD291AC1DA000C63E3 /* .gitignore */,
				0A2FE581291A3B65000C63E3 /* SeSACStudy */,
				0A2FE580291A3B65000C63E3 /* Products */,
			);
			sourceTree = "<group>";
		};
		0A2FE580291A3B65000C63E3 /* Products */ = {
			isa = PBXGroup;
			children = (
				0A2FE57F291A3B65000C63E3 /* SeSACStudy.app */,
			);
			name = Products;
			sourceTree = "<group>";
		};
		0A2FE581291A3B65000C63E3 /* SeSACStudy */ = {
			isa = PBXGroup;
			children = (
				0A2FE5A8291AB807000C63E3 /* Utilities */,
				0A2FE5B0291AB843000C63E3 /* Networking */,
				0A2FE5B1291AB847000C63E3 /* Scenes */,
				0A2FE5BB291AB895000C63E3 /* Data */,
				0A2FE5BC291AB8A1000C63E3 /* Resources */,
				0A2FE5A7291AB7E9000C63E3 /* App */,
				0A2FE588291A3B65000C63E3 /* Main.storyboard */,
				0A2FE58B291A3B66000C63E3 /* Assets.xcassets */,
				0A2FE5CE291AC8F9000C63E3 /* ViewController.swift */,
				0A2FE58D291A3B66000C63E3 /* LaunchScreen.storyboard */,
				0A2FE590291A3B66000C63E3 /* Info.plist */,
				0A2FE5C3291AC6AC000C63E3 /* GoogleService-Info.plist */,
			);
			path = SeSACStudy;
			sourceTree = "<group>";
		};
		0A2FE5A7291AB7E9000C63E3 /* App */ = {
			isa = PBXGroup;
			children = (
				0A2FE582291A3B65000C63E3 /* AppDelegate.swift */,
				0A2FE584291A3B65000C63E3 /* SceneDelegate.swift */,
			);
			path = App;
			sourceTree = "<group>";
		};
		0A2FE5A8291AB807000C63E3 /* Utilities */ = {
			isa = PBXGroup;
			children = (
				0A2FE5A9291AB80B000C63E3 /* Base */,
				0A2FE5AA291AB80E000C63E3 /* Custom */,
				0A2FE5AE291AB82C000C63E3 /* Constants */,
				0A2FE5AD291AB827000C63E3 /* Extensions */,
				0A2FE5AC291AB822000C63E3 /* Helpers */,
				0A2FE5AB291AB81E000C63E3 /* Protocols */,
			);
			path = Utilities;
			sourceTree = "<group>";
		};
		0A2FE5A9291AB80B000C63E3 /* Base */ = {
			isa = PBXGroup;
			children = (
			);
			path = Base;
			sourceTree = "<group>";
		};
		0A2FE5AA291AB80E000C63E3 /* Custom */ = {
			isa = PBXGroup;
			children = (
			);
			path = Custom;
			sourceTree = "<group>";
		};
		0A2FE5AB291AB81E000C63E3 /* Protocols */ = {
			isa = PBXGroup;
			children = (
			);
			path = Protocols;
			sourceTree = "<group>";
		};
		0A2FE5AC291AB822000C63E3 /* Helpers */ = {
			isa = PBXGroup;
			children = (
			);
			path = Helpers;
			sourceTree = "<group>";
		};
		0A2FE5AD291AB827000C63E3 /* Extensions */ = {
			isa = PBXGroup;
			children = (
			);
			path = Extensions;
			sourceTree = "<group>";
		};
		0A2FE5AE291AB82C000C63E3 /* Constants */ = {
			isa = PBXGroup;
			children = (
			);
			path = Constants;
			sourceTree = "<group>";
		};
		0A2FE5B0291AB843000C63E3 /* Networking */ = {
			isa = PBXGroup;
			children = (
			);
			path = Networking;
			sourceTree = "<group>";
		};
		0A2FE5B1291AB847000C63E3 /* Scenes */ = {
			isa = PBXGroup;
			children = (
				0A2FE5B2291AB84A000C63E3 /* Onboarding */,
				0A2FE5B9291AB866000C63E3 /* Auth */,
				0A2FE5B8291AB861000C63E3 /* SignUp */,
				0A2FE5B6291AB85C000C63E3 /* Main */,
				0A2FE5B5291AB859000C63E3 /* Shop */,
				0A2FE5B4291AB856000C63E3 /* Chats */,
				0A2FE5B3291AB852000C63E3 /* MyPage */,
			);
			path = Scenes;
			sourceTree = "<group>";
		};
		0A2FE5B2291AB84A000C63E3 /* Onboarding */ = {
			isa = PBXGroup;
			children = (
			);
			path = Onboarding;
			sourceTree = "<group>";
		};
		0A2FE5B3291AB852000C63E3 /* MyPage */ = {
			isa = PBXGroup;
			children = (
			);
			path = MyPage;
			sourceTree = "<group>";
		};
		0A2FE5B4291AB856000C63E3 /* Chats */ = {
			isa = PBXGroup;
			children = (
			);
			path = Chats;
			sourceTree = "<group>";
		};
		0A2FE5B5291AB859000C63E3 /* Shop */ = {
			isa = PBXGroup;
			children = (
			);
			path = Shop;
			sourceTree = "<group>";
		};
		0A2FE5B6291AB85C000C63E3 /* Main */ = {
			isa = PBXGroup;
			children = (
				0A2FE5B7291AB85F000C63E3 /* Search */,
			);
			path = Main;
			sourceTree = "<group>";
		};
		0A2FE5B7291AB85F000C63E3 /* Search */ = {
			isa = PBXGroup;
			children = (
			);
			path = Search;
			sourceTree = "<group>";
		};
		0A2FE5B8291AB861000C63E3 /* SignUp */ = {
			isa = PBXGroup;
			children = (
			);
			path = SignUp;
			sourceTree = "<group>";
		};
		0A2FE5B9291AB866000C63E3 /* Auth */ = {
			isa = PBXGroup;
			children = (
			);
			path = Auth;
			sourceTree = "<group>";
		};
		0A2FE5BB291AB895000C63E3 /* Data */ = {
			isa = PBXGroup;
			children = (
			);
			path = Data;
			sourceTree = "<group>";
		};
		0A2FE5BC291AB8A1000C63E3 /* Resources */ = {
			isa = PBXGroup;
			children = (
				0A2FE5CA291AC866000C63E3 /* NotoSansKR-Medium.otf */,
				0A2FE5CB291AC866000C63E3 /* NotoSansKR-Regular.otf */,
			);
			path = Resources;
			sourceTree = "<group>";
		};
/* End PBXGroup section */

/* Begin PBXNativeTarget section */
		0A2FE57E291A3B65000C63E3 /* SeSACStudy */ = {
			isa = PBXNativeTarget;
			buildConfigurationList = 0A2FE593291A3B66000C63E3 /* Build configuration list for PBXNativeTarget "SeSACStudy" */;
			buildPhases = (
				0A2FE57B291A3B65000C63E3 /* Sources */,
				0A2FE57C291A3B65000C63E3 /* Frameworks */,
				0A2FE57D291A3B65000C63E3 /* Resources */,
			);
			buildRules = (
			);
			dependencies = (
			);
			name = SeSACStudy;
			packageProductDependencies = (
				0A2FE597291A3EE7000C63E3 /* RxCocoa */,
				0A2FE599291A3EE7000C63E3 /* RxSwift */,
				0A2FE59F291A3F44000C63E3 /* SnapKit */,
				0A2FE5A2291A3F5E000C63E3 /* Then */,
				0A2FE5A5291A3F97000C63E3 /* Toast */,
				0A2FE5C6291AC722000C63E3 /* FirebaseAnalyticsWithoutAdIdSupport */,
				0A2FE5C8291AC722000C63E3 /* FirebaseAuth */,
			);
			productName = SeSACStudy;
			productReference = 0A2FE57F291A3B65000C63E3 /* SeSACStudy.app */;
			productType = "com.apple.product-type.application";
		};
/* End PBXNativeTarget section */

/* Begin PBXProject section */
		0A2FE577291A3B65000C63E3 /* Project object */ = {
			isa = PBXProject;
			attributes = {
				BuildIndependentTargetsInParallel = 1;
				LastSwiftUpdateCheck = 1400;
				LastUpgradeCheck = 1400;
				TargetAttributes = {
					0A2FE57E291A3B65000C63E3 = {
						CreatedOnToolsVersion = 14.0.1;
					};
				};
			};
			buildConfigurationList = 0A2FE57A291A3B65000C63E3 /* Build configuration list for PBXProject "SeSACStudy" */;
			compatibilityVersion = "Xcode 14.0";
			developmentRegion = en;
			hasScannedForEncodings = 0;
			knownRegions = (
				en,
				Base,
			);
			mainGroup = 0A2FE576291A3B65000C63E3;
			packageReferences = (
				0A2FE596291A3EE7000C63E3 /* XCRemoteSwiftPackageReference "RxSwift" */,
				0A2FE59E291A3F44000C63E3 /* XCRemoteSwiftPackageReference "SnapKit" */,
				0A2FE5A1291A3F5E000C63E3 /* XCRemoteSwiftPackageReference "Then" */,
				0A2FE5A4291A3F97000C63E3 /* XCRemoteSwiftPackageReference "Toast-Swift" */,
				0A2FE5C5291AC722000C63E3 /* XCRemoteSwiftPackageReference "firebase-ios-sdk" */,
			);
			productRefGroup = 0A2FE580291A3B65000C63E3 /* Products */;
			projectDirPath = "";
			projectRoot = "";
			targets = (
				0A2FE57E291A3B65000C63E3 /* SeSACStudy */,
			);
		};
/* End PBXProject section */

/* Begin PBXResourcesBuildPhase section */
		0A2FE57D291A3B65000C63E3 /* Resources */ = {
			isa = PBXResourcesBuildPhase;
			buildActionMask = 2147483647;
			files = (
				0A2FE5CC291AC867000C63E3 /* NotoSansKR-Medium.otf in Resources */,
				0A2FE5BE291AC1DA000C63E3 /* .gitignore in Resources */,
				0A2FE58F291A3B66000C63E3 /* LaunchScreen.storyboard in Resources */,
				0A2FE5C4291AC6AC000C63E3 /* GoogleService-Info.plist in Resources */,
				0A2FE58C291A3B66000C63E3 /* Assets.xcassets in Resources */,
				0A2FE58A291A3B65000C63E3 /* Main.storyboard in Resources */,
				0A2FE5CD291AC867000C63E3 /* NotoSansKR-Regular.otf in Resources */,
			);
			runOnlyForDeploymentPostprocessing = 0;
		};
/* End PBXResourcesBuildPhase section */

/* Begin PBXSourcesBuildPhase section */
		0A2FE57B291A3B65000C63E3 /* Sources */ = {
			isa = PBXSourcesBuildPhase;
			buildActionMask = 2147483647;
			files = (
				0A2FE583291A3B65000C63E3 /* AppDelegate.swift in Sources */,
				0A2FE585291A3B65000C63E3 /* SceneDelegate.swift in Sources */,
			);
			runOnlyForDeploymentPostprocessing = 0;
		};
/* End PBXSourcesBuildPhase section */

/* Begin PBXVariantGroup section */
		0A2FE588291A3B65000C63E3 /* Main.storyboard */ = {
			isa = PBXVariantGroup;
			children = (
				0A2FE589291A3B65000C63E3 /* Base */,
			);
			name = Main.storyboard;
			sourceTree = "<group>";
		};
		0A2FE58D291A3B66000C63E3 /* LaunchScreen.storyboard */ = {
			isa = PBXVariantGroup;
			children = (
				0A2FE58E291A3B66000C63E3 /* Base */,
			);
			name = LaunchScreen.storyboard;
			sourceTree = "<group>";
		};
/* End PBXVariantGroup section */

/* Begin XCBuildConfiguration section */
		0A2FE591291A3B66000C63E3 /* Debug */ = {
			isa = XCBuildConfiguration;
			buildSettings = {
				ALWAYS_SEARCH_USER_PATHS = NO;
				CLANG_ANALYZER_NONNULL = YES;
				CLANG_ANALYZER_NUMBER_OBJECT_CONVERSION = YES_AGGRESSIVE;
				CLANG_CXX_LANGUAGE_STANDARD = "gnu++20";
				CLANG_ENABLE_MODULES = YES;
				CLANG_ENABLE_OBJC_ARC = YES;
				CLANG_ENABLE_OBJC_WEAK = YES;
				CLANG_WARN_BLOCK_CAPTURE_AUTORELEASING = YES;
				CLANG_WARN_BOOL_CONVERSION = YES;
				CLANG_WARN_COMMA = YES;
				CLANG_WARN_CONSTANT_CONVERSION = YES;
				CLANG_WARN_DEPRECATED_OBJC_IMPLEMENTATIONS = YES;
				CLANG_WARN_DIRECT_OBJC_ISA_USAGE = YES_ERROR;
				CLANG_WARN_DOCUMENTATION_COMMENTS = YES;
				CLANG_WARN_EMPTY_BODY = YES;
				CLANG_WARN_ENUM_CONVERSION = YES;
				CLANG_WARN_INFINITE_RECURSION = YES;
				CLANG_WARN_INT_CONVERSION = YES;
				CLANG_WARN_NON_LITERAL_NULL_CONVERSION = YES;
				CLANG_WARN_OBJC_IMPLICIT_RETAIN_SELF = YES;
				CLANG_WARN_OBJC_LITERAL_CONVERSION = YES;
				CLANG_WARN_OBJC_ROOT_CLASS = YES_ERROR;
				CLANG_WARN_QUOTED_INCLUDE_IN_FRAMEWORK_HEADER = YES;
				CLANG_WARN_RANGE_LOOP_ANALYSIS = YES;
				CLANG_WARN_STRICT_PROTOTYPES = YES;
				CLANG_WARN_SUSPICIOUS_MOVE = YES;
				CLANG_WARN_UNGUARDED_AVAILABILITY = YES_AGGRESSIVE;
				CLANG_WARN_UNREACHABLE_CODE = YES;
				CLANG_WARN__DUPLICATE_METHOD_MATCH = YES;
				COPY_PHASE_STRIP = NO;
				DEBUG_INFORMATION_FORMAT = dwarf;
				ENABLE_STRICT_OBJC_MSGSEND = YES;
				ENABLE_TESTABILITY = YES;
				GCC_C_LANGUAGE_STANDARD = gnu11;
				GCC_DYNAMIC_NO_PIC = NO;
				GCC_NO_COMMON_BLOCKS = YES;
				GCC_OPTIMIZATION_LEVEL = 0;
				GCC_PREPROCESSOR_DEFINITIONS = (
					"DEBUG=1",
					"$(inherited)",
				);
				GCC_WARN_64_TO_32_BIT_CONVERSION = YES;
				GCC_WARN_ABOUT_RETURN_TYPE = YES_ERROR;
				GCC_WARN_UNDECLARED_SELECTOR = YES;
				GCC_WARN_UNINITIALIZED_AUTOS = YES_AGGRESSIVE;
				GCC_WARN_UNUSED_FUNCTION = YES;
				GCC_WARN_UNUSED_VARIABLE = YES;
				IPHONEOS_DEPLOYMENT_TARGET = 15.0;
				MTL_ENABLE_DEBUG_INFO = INCLUDE_SOURCE;
				MTL_FAST_MATH = YES;
				ONLY_ACTIVE_ARCH = YES;
				SDKROOT = iphoneos;
				SWIFT_ACTIVE_COMPILATION_CONDITIONS = DEBUG;
				SWIFT_OPTIMIZATION_LEVEL = "-Onone";
			};
			name = Debug;
		};
		0A2FE592291A3B66000C63E3 /* Release */ = {
			isa = XCBuildConfiguration;
			buildSettings = {
				ALWAYS_SEARCH_USER_PATHS = NO;
				CLANG_ANALYZER_NONNULL = YES;
				CLANG_ANALYZER_NUMBER_OBJECT_CONVERSION = YES_AGGRESSIVE;
				CLANG_CXX_LANGUAGE_STANDARD = "gnu++20";
				CLANG_ENABLE_MODULES = YES;
				CLANG_ENABLE_OBJC_ARC = YES;
				CLANG_ENABLE_OBJC_WEAK = YES;
				CLANG_WARN_BLOCK_CAPTURE_AUTORELEASING = YES;
				CLANG_WARN_BOOL_CONVERSION = YES;
				CLANG_WARN_COMMA = YES;
				CLANG_WARN_CONSTANT_CONVERSION = YES;
				CLANG_WARN_DEPRECATED_OBJC_IMPLEMENTATIONS = YES;
				CLANG_WARN_DIRECT_OBJC_ISA_USAGE = YES_ERROR;
				CLANG_WARN_DOCUMENTATION_COMMENTS = YES;
				CLANG_WARN_EMPTY_BODY = YES;
				CLANG_WARN_ENUM_CONVERSION = YES;
				CLANG_WARN_INFINITE_RECURSION = YES;
				CLANG_WARN_INT_CONVERSION = YES;
				CLANG_WARN_NON_LITERAL_NULL_CONVERSION = YES;
				CLANG_WARN_OBJC_IMPLICIT_RETAIN_SELF = YES;
				CLANG_WARN_OBJC_LITERAL_CONVERSION = YES;
				CLANG_WARN_OBJC_ROOT_CLASS = YES_ERROR;
				CLANG_WARN_QUOTED_INCLUDE_IN_FRAMEWORK_HEADER = YES;
				CLANG_WARN_RANGE_LOOP_ANALYSIS = YES;
				CLANG_WARN_STRICT_PROTOTYPES = YES;
				CLANG_WARN_SUSPICIOUS_MOVE = YES;
				CLANG_WARN_UNGUARDED_AVAILABILITY = YES_AGGRESSIVE;
				CLANG_WARN_UNREACHABLE_CODE = YES;
				CLANG_WARN__DUPLICATE_METHOD_MATCH = YES;
				COPY_PHASE_STRIP = NO;
				DEBUG_INFORMATION_FORMAT = "dwarf-with-dsym";
				ENABLE_NS_ASSERTIONS = NO;
				ENABLE_STRICT_OBJC_MSGSEND = YES;
				GCC_C_LANGUAGE_STANDARD = gnu11;
				GCC_NO_COMMON_BLOCKS = YES;
				GCC_WARN_64_TO_32_BIT_CONVERSION = YES;
				GCC_WARN_ABOUT_RETURN_TYPE = YES_ERROR;
				GCC_WARN_UNDECLARED_SELECTOR = YES;
				GCC_WARN_UNINITIALIZED_AUTOS = YES_AGGRESSIVE;
				GCC_WARN_UNUSED_FUNCTION = YES;
				GCC_WARN_UNUSED_VARIABLE = YES;
				IPHONEOS_DEPLOYMENT_TARGET = 15.0;
				MTL_ENABLE_DEBUG_INFO = NO;
				MTL_FAST_MATH = YES;
				SDKROOT = iphoneos;
				SWIFT_COMPILATION_MODE = wholemodule;
				SWIFT_OPTIMIZATION_LEVEL = "-O";
				VALIDATE_PRODUCT = YES;
			};
			name = Release;
		};
		0A2FE594291A3B66000C63E3 /* Debug */ = {
			isa = XCBuildConfiguration;
			buildSettings = {
				ASSETCATALOG_COMPILER_APPICON_NAME = AppIcon;
				ASSETCATALOG_COMPILER_GLOBAL_ACCENT_COLOR_NAME = AccentColor;
				CODE_SIGN_STYLE = Automatic;
				CURRENT_PROJECT_VERSION = 1;
				GENERATE_INFOPLIST_FILE = YES;
				INFOPLIST_FILE = SeSACStudy/Info.plist;
				INFOPLIST_KEY_UIApplicationSupportsIndirectInputEvents = YES;
				INFOPLIST_KEY_UILaunchStoryboardName = LaunchScreen;
				INFOPLIST_KEY_UIMainStoryboardFile = Main;
				INFOPLIST_KEY_UISupportedInterfaceOrientations = UIInterfaceOrientationPortrait;
				INFOPLIST_KEY_UISupportedInterfaceOrientations_iPad = "UIInterfaceOrientationLandscapeLeft UIInterfaceOrientationLandscapeRight UIInterfaceOrientationPortrait UIInterfaceOrientationPortraitUpsideDown";
				INFOPLIST_KEY_UIUserInterfaceStyle = Light;
				LD_RUNPATH_SEARCH_PATHS = (
					"$(inherited)",
					"@executable_path/Frameworks",
				);
				MARKETING_VERSION = 1.0;
				PRODUCT_BUNDLE_IDENTIFIER = com.sani.SeSACStudy;
				PRODUCT_NAME = "$(TARGET_NAME)";
				SUPPORTED_PLATFORMS = "iphoneos iphonesimulator";
				SUPPORTS_MACCATALYST = NO;
				SUPPORTS_MAC_DESIGNED_FOR_IPHONE_IPAD = YES;
				SWIFT_EMIT_LOC_STRINGS = YES;
				SWIFT_VERSION = 5.0;
				TARGETED_DEVICE_FAMILY = 1;
			};
			name = Debug;
		};
		0A2FE595291A3B66000C63E3 /* Release */ = {
			isa = XCBuildConfiguration;
			buildSettings = {
				ASSETCATALOG_COMPILER_APPICON_NAME = AppIcon;
				ASSETCATALOG_COMPILER_GLOBAL_ACCENT_COLOR_NAME = AccentColor;
				CODE_SIGN_STYLE = Automatic;
				CURRENT_PROJECT_VERSION = 1;
				GENERATE_INFOPLIST_FILE = YES;
				INFOPLIST_FILE = SeSACStudy/Info.plist;
				INFOPLIST_KEY_UIApplicationSupportsIndirectInputEvents = YES;
				INFOPLIST_KEY_UILaunchStoryboardName = LaunchScreen;
				INFOPLIST_KEY_UIMainStoryboardFile = Main;
				INFOPLIST_KEY_UISupportedInterfaceOrientations = UIInterfaceOrientationPortrait;
				INFOPLIST_KEY_UISupportedInterfaceOrientations_iPad = "UIInterfaceOrientationLandscapeLeft UIInterfaceOrientationLandscapeRight UIInterfaceOrientationPortrait UIInterfaceOrientationPortraitUpsideDown";
				INFOPLIST_KEY_UIUserInterfaceStyle = Light;
				LD_RUNPATH_SEARCH_PATHS = (
					"$(inherited)",
					"@executable_path/Frameworks",
				);
				MARKETING_VERSION = 1.0;
				PRODUCT_BUNDLE_IDENTIFIER = com.sani.SeSACStudy;
				PRODUCT_NAME = "$(TARGET_NAME)";
				SUPPORTED_PLATFORMS = "iphoneos iphonesimulator";
				SUPPORTS_MACCATALYST = NO;
				SUPPORTS_MAC_DESIGNED_FOR_IPHONE_IPAD = YES;
				SWIFT_EMIT_LOC_STRINGS = YES;
				SWIFT_VERSION = 5.0;
				TARGETED_DEVICE_FAMILY = 1;
			};
			name = Release;
		};
/* End XCBuildConfiguration section */

/* Begin XCConfigurationList section */
		0A2FE57A291A3B65000C63E3 /* Build configuration list for PBXProject "SeSACStudy" */ = {
			isa = XCConfigurationList;
			buildConfigurations = (
				0A2FE591291A3B66000C63E3 /* Debug */,
				0A2FE592291A3B66000C63E3 /* Release */,
			);
			defaultConfigurationIsVisible = 0;
			defaultConfigurationName = Release;
		};
		0A2FE593291A3B66000C63E3 /* Build configuration list for PBXNativeTarget "SeSACStudy" */ = {
			isa = XCConfigurationList;
			buildConfigurations = (
				0A2FE594291A3B66000C63E3 /* Debug */,
				0A2FE595291A3B66000C63E3 /* Release */,
			);
			defaultConfigurationIsVisible = 0;
			defaultConfigurationName = Release;
		};
/* End XCConfigurationList section */

/* Begin XCRemoteSwiftPackageReference section */
		0A2FE596291A3EE7000C63E3 /* XCRemoteSwiftPackageReference "RxSwift" */ = {
			isa = XCRemoteSwiftPackageReference;
			repositoryURL = "https://github.com/ReactiveX/RxSwift";
			requirement = {
				kind = upToNextMajorVersion;
				minimumVersion = 6.0.0;
			};
		};
		0A2FE59E291A3F44000C63E3 /* XCRemoteSwiftPackageReference "SnapKit" */ = {
			isa = XCRemoteSwiftPackageReference;
			repositoryURL = "https://github.com/SnapKit/SnapKit";
			requirement = {
				kind = upToNextMajorVersion;
				minimumVersion = 5.0.0;
			};
		};
		0A2FE5A1291A3F5E000C63E3 /* XCRemoteSwiftPackageReference "Then" */ = {
			isa = XCRemoteSwiftPackageReference;
			repositoryURL = "https://github.com/devxoul/Then";
			requirement = {
				kind = upToNextMajorVersion;
				minimumVersion = 3.0.0;
			};
		};
		0A2FE5A4291A3F97000C63E3 /* XCRemoteSwiftPackageReference "Toast-Swift" */ = {
			isa = XCRemoteSwiftPackageReference;
			repositoryURL = "https://github.com/scalessec/Toast-Swift";
			requirement = {
				kind = upToNextMajorVersion;
				minimumVersion = 5.0.0;
			};
		};
		0A2FE5C5291AC722000C63E3 /* XCRemoteSwiftPackageReference "firebase-ios-sdk" */ = {
			isa = XCRemoteSwiftPackageReference;
			repositoryURL = "https://github.com/firebase/firebase-ios-sdk";
			requirement = {
				kind = upToNextMajorVersion;
				minimumVersion = 10.1.0;
			};
		};
/* End XCRemoteSwiftPackageReference section */

/* Begin XCSwiftPackageProductDependency section */
		0A2FE597291A3EE7000C63E3 /* RxCocoa */ = {
			isa = XCSwiftPackageProductDependency;
			package = 0A2FE596291A3EE7000C63E3 /* XCRemoteSwiftPackageReference "RxSwift" */;
			productName = RxCocoa;
		};
		0A2FE599291A3EE7000C63E3 /* RxSwift */ = {
			isa = XCSwiftPackageProductDependency;
			package = 0A2FE596291A3EE7000C63E3 /* XCRemoteSwiftPackageReference "RxSwift" */;
			productName = RxSwift;
		};
		0A2FE59F291A3F44000C63E3 /* SnapKit */ = {
			isa = XCSwiftPackageProductDependency;
			package = 0A2FE59E291A3F44000C63E3 /* XCRemoteSwiftPackageReference "SnapKit" */;
			productName = SnapKit;
		};
		0A2FE5A2291A3F5E000C63E3 /* Then */ = {
			isa = XCSwiftPackageProductDependency;
			package = 0A2FE5A1291A3F5E000C63E3 /* XCRemoteSwiftPackageReference "Then" */;
			productName = Then;
		};
		0A2FE5A5291A3F97000C63E3 /* Toast */ = {
			isa = XCSwiftPackageProductDependency;
			package = 0A2FE5A4291A3F97000C63E3 /* XCRemoteSwiftPackageReference "Toast-Swift" */;
			productName = Toast;
		};
		0A2FE5C6291AC722000C63E3 /* FirebaseAnalyticsWithoutAdIdSupport */ = {
			isa = XCSwiftPackageProductDependency;
			package = 0A2FE5C5291AC722000C63E3 /* XCRemoteSwiftPackageReference "firebase-ios-sdk" */;
			productName = FirebaseAnalyticsWithoutAdIdSupport;
		};
		0A2FE5C8291AC722000C63E3 /* FirebaseAuth */ = {
			isa = XCSwiftPackageProductDependency;
			package = 0A2FE5C5291AC722000C63E3 /* XCRemoteSwiftPackageReference "firebase-ios-sdk" */;
			productName = FirebaseAuth;
		};
/* End XCSwiftPackageProductDependency section */
	};
	rootObject = 0A2FE577291A3B65000C63E3 /* Project object */;
}
